
Microsoft Visual Studio Solution File, Format Version 10.00
# Visual Studio 2008
Project("{FAE04EC0-301F-11D3-BF4B-00C04F79EFBC}") = "TidsrapporteringsSystem", "TidsrapporteringsSystem\TidsrapporteringsSystem.csproj", "{8C6685A2-E4C7-4BDA-A150-5B42AA91035A}"
EndProject
Project("{FAE04EC0-301F-11D3-BF4B-00C04F79EFBC}") = "DataLayer", "DataLayer\DataLayer.csproj", "{11675F4F-C7EC-434C-9667-D45AA593CA00}"
EndProject
Project("{E24C65DC-7377-472B-9ABA-BC803B73C61A}") = "TidsrapporteringIISHost", "..\TidsrapporteringIISHost\", "{7EB25943-6DDC-44B4-A772-0C9A167352D0}"
	ProjectSection(WebsiteProperties) = preProject
		TargetFramework = "3.5"
		ProjectReferences = "{8C6685A2-E4C7-4BDA-A150-5B42AA91035A}|TidsrapporteringsSystem.dll;{11675F4F-C7EC-434C-9667-D45AA593CA00}|DataLayer.dll;"
		Debug.AspNetCompiler.VirtualPath = "/TidsrapporteringIISHost"
		Debug.AspNetCompiler.PhysicalPath = "..\TidsrapporteringIISHost\"
		Debug.AspNetCompiler.TargetPath = "PrecompiledWeb\TidsrapporteringIISHost\"
		Debug.AspNetCompiler.Updateable = "true"
		Debug.AspNetCompiler.ForceOverwrite = "true"
		Debug.AspNetCompiler.FixedNames = "false"
		Debug.AspNetCompiler.Debug = "True"
		Release.AspNetCompiler.VirtualPath = "/TidsrapporteringIISHost"
		Release.AspNetCompiler.PhysicalPath = "..\TidsrapporteringIISHost\"
		Release.AspNetCompiler.TargetPath = "PrecompiledWeb\TidsrapporteringIISHost\"
		Release.AspNetCompiler.Updateable = "true"
		Release.AspNetCompiler.ForceOverwrite = "true"
		Release.AspNetCompiler.FixedNames = "false"
		Release.AspNetCompiler.Debug = "False"
		VWDPort = "4990"
		DefaultWebSiteLanguage = "Visual C#"
	EndProjectSection
EndProject
Global
	GlobalSection(SolutionConfigurationPlatforms) = preSolution
		Debug|.NET = Debug|.NET
		Debug|Any CPU = Debug|Any CPU
		Debug|Mixed Platforms = Debug|Mixed Platforms
		Release|.NET = Release|.NET
		Release|Any CPU = Release|Any CPU
		Release|Mixed Platforms = Release|Mixed Platforms
	EndGlobalSection
	GlobalSection(ProjectConfigurationPlatforms) = postSolution
		{8C6685A2-E4C7-4BDA-A150-5B42AA91035A}.Debug|.NET.ActiveCfg = Debug|Any CPU
		{8C6685A2-E4C7-4BDA-A150-5B42AA91035A}.Debug|Any CPU.ActiveCfg = Debug|Any CPU
		{8C6685A2-E4C7-4BDA-A150-5B42AA91035A}.Debug|Any CPU.Build.0 = Debug|Any CPU
		{8C6685A2-E4C7-4BDA-A150-5B42AA91035A}.Debug|Mixed Platforms.ActiveCfg = Debug|Any CPU
		{8C6685A2-E4C7-4BDA-A150-5B42AA91035A}.Debug|Mixed Platforms.Build.0 = Debug|Any CPU
		{8C6685A2-E4C7-4BDA-A150-5B42AA91035A}.Release|.NET.ActiveCfg = Release|Any CPU
		{8C6685A2-E4C7-4BDA-A150-5B42AA91035A}.Release|Any CPU.ActiveCfg = Release|Any CPU
		{8C6685A2-E4C7-4BDA-A150-5B42AA91035A}.Release|Any CPU.Build.0 = Release|Any CPU
		{8C6685A2-E4C7-4BDA-A150-5B42AA91035A}.Release|Mixed Platforms.ActiveCfg = Release|Any CPU
		{8C6685A2-E4C7-4BDA-A150-5B42AA91035A}.Release|Mixed Platforms.Build.0 = Release|Any CPU
		{11675F4F-C7EC-434C-9667-D45AA593CA00}.Debug|.NET.ActiveCfg = Debug|Any CPU
		{11675F4F-C7EC-434C-9667-D45AA593CA00}.Debug|Any CPU.ActiveCfg = Debug|Any CPU
		{11675F4F-C7EC-434C-9667-D45AA593CA00}.Debug|Any CPU.Build.0 = Debug|Any CPU
		{11675F4F-C7EC-434C-9667-D45AA593CA00}.Debug|Mixed Platforms.ActiveCfg = Debug|Any CPU
		{11675F4F-C7EC-434C-9667-D45AA593CA00}.Debug|Mixed Platforms.Build.0 = Debug|Any CPU
		{11675F4F-C7EC-434C-9667-D45AA593CA00}.Release|.NET.ActiveCfg = Release|Any CPU
		{11675F4F-C7EC-434C-9667-D45AA593CA00}.Release|Any CPU.ActiveCfg = Release|Any CPU
		{11675F4F-C7EC-434C-9667-D45AA593CA00}.Release|Any CPU.Build.0 = Release|Any CPU
		{11675F4F-C7EC-434C-9667-D45AA593CA00}.Release|Mixed Platforms.ActiveCfg = Release|Any CPU
		{11675F4F-C7EC-434C-9667-D45AA593CA00}.Release|Mixed Platforms.Build.0 = Release|Any CPU
		{7EB25943-6DDC-44B4-A772-0C9A167352D0}.Debug|.NET.ActiveCfg = Debug|.NET
		{7EB25943-6DDC-44B4-A772-0C9A167352D0}.Debug|.NET.Build.0 = Debug|.NET
		{7EB25943-6DDC-44B4-A772-0C9A167352D0}.Debug|Any CPU.ActiveCfg = Debug|.NET
		{7EB25943-6DDC-44B4-A772-0C9A167352D0}.Debug|Mixed Platforms.ActiveCfg = Debug|.NET
		{7EB25943-6DDC-44B4-A772-0C9A167352D0}.Debug|Mixed Platforms.Build.0 = Debug|.NET
		{7EB25943-6DDC-44B4-A772-0C9A167352D0}.Release|.NET.ActiveCfg = Debug|.NET
		{7EB25943-6DDC-44B4-A772-0C9A167352D0}.Release|.NET.Build.0 = Debug|.NET
		{7EB25943-6DDC-44B4-A772-0C9A167352D0}.Release|Any CPU.ActiveCfg = Debug|.NET
		{7EB25943-6DDC-44B4-A772-0C9A167352D0}.Release|Mixed Platforms.ActiveCfg = Debug|.NET
		{7EB25943-6DDC-44B4-A772-0C9A167352D0}.Release|Mixed Platforms.Build.0 = Debug|.NET
	EndGlobalSection
	GlobalSection(SolutionProperties) = preSolution
		HideSolutionNode = FALSE
	EndGlobalSection
EndGlobal
